// !$*UTF8*$!
{
	archiveVersion = 1;
	classes = {
	};
	objectVersion = 46;
	objects = {

/* Begin PBXBuildFile section */
		42D429161A765D8500CDE951 /* AppDelegate.swift in Sources */ = {isa = PBXBuildFile; fileRef = 42D429151A765D8500CDE951 /* AppDelegate.swift */; };
		42D429191A765D8500CDE951 /* PhotoUpload.xcdatamodeld in Sources */ = {isa = PBXBuildFile; fileRef = 42D429171A765D8500CDE951 /* PhotoUpload.xcdatamodeld */; };
		42D4291B1A765D8500CDE951 /* ViewController.swift in Sources */ = {isa = PBXBuildFile; fileRef = 42D4291A1A765D8500CDE951 /* ViewController.swift */; };
		42D4291E1A765D8500CDE951 /* Main.storyboard in Resources */ = {isa = PBXBuildFile; fileRef = 42D4291C1A765D8500CDE951 /* Main.storyboard */; };
		42D429201A765D8500CDE951 /* Images.xcassets in Resources */ = {isa = PBXBuildFile; fileRef = 42D4291F1A765D8500CDE951 /* Images.xcassets */; };
		42D429231A765D8500CDE951 /* LaunchScreen.xib in Resources */ = {isa = PBXBuildFile; fileRef = 42D429211A765D8500CDE951 /* LaunchScreen.xib */; };
		42D4292F1A765D8500CDE951 /* PhotoUploadTests.swift in Sources */ = {isa = PBXBuildFile; fileRef = 42D4292E1A765D8500CDE951 /* PhotoUploadTests.swift */; };
/* End PBXBuildFile section */

/* Begin PBXContainerItemProxy section */
		42D429291A765D8500CDE951 /* PBXContainerItemProxy */ = {
			isa = PBXContainerItemProxy;
			containerPortal = 42D429081A765D8500CDE951 /* Project object */;
			proxyType = 1;
			remoteGlobalIDString = 42D4290F1A765D8500CDE951;
			remoteInfo = PhotoUpload;
		};
/* End PBXContainerItemProxy section */

/* Begin PBXFileReference section */
		42D429101A765D8500CDE951 /* PhotoUpload.app */ = {isa = PBXFileReference; explicitFileType = wrapper.application; includeInIndex = 0; path = PhotoUpload.app; sourceTree = BUILT_PRODUCTS_DIR; };
		42D429141A765D8500CDE951 /* Info.plist */ = {isa = PBXFileReference; lastKnownFileType = text.plist.xml; path = Info.plist; sourceTree = "<group>"; };
		42D429151A765D8500CDE951 /* AppDelegate.swift */ = {isa = PBXFileReference; lastKnownFileType = sourcecode.swift; path = AppDelegate.swift; sourceTree = "<group>"; };
		42D429181A765D8500CDE951 /* PhotoUpload.xcdatamodel */ = {isa = PBXFileReference; lastKnownFileType = wrapper.xcdatamodel; path = PhotoUpload.xcdatamodel; sourceTree = "<group>"; };
		42D4291A1A765D8500CDE951 /* ViewController.swift */ = {isa = PBXFileReference; lastKnownFileType = sourcecode.swift; path = ViewController.swift; sourceTree = "<group>"; };
		42D4291D1A765D8500CDE951 /* Base */ = {isa = PBXFileReference; lastKnownFileType = file.storyboard; name = Base; path = Base.lproj/Main.storyboard; sourceTree = "<group>"; };
		42D4291F1A765D8500CDE951 /* Images.xcassets */ = {isa = PBXFileReference; lastKnownFileType = folder.assetcatalog; path = Images.xcassets; sourceTree = "<group>"; };
		42D429221A765D8500CDE951 /* Base */ = {isa = PBXFileReference; lastKnownFileType = file.xib; name = Base; path = Base.lproj/LaunchScreen.xib; sourceTree = "<group>"; };
		42D429281A765D8500CDE951 /* PhotoUploadTests.xctest */ = {isa = PBXFileReference; explicitFileType = wrapper.cfbundle; includeInIndex = 0; path = PhotoUploadTests.xctest; sourceTree = BUILT_PRODUCTS_DIR; };
		42D4292D1A765D8500CDE951 /* Info.plist */ = {isa = PBXFileReference; lastKnownFileType = text.plist.xml; path = Info.plist; sourceTree = "<group>"; };
		42D4292E1A765D8500CDE951 /* PhotoUploadTests.swift */ = {isa = PBXFileReference; lastKnownFileType = sourcecode.swift; path = PhotoUploadTests.swift; sourceTree = "<group>"; };
/* End PBXFileReference section */

/* Begin PBXFrameworksBuildPhase section */
		42D4290D1A765D8500CDE951 /* Frameworks */ = {
			isa = PBXFrameworksBuildPhase;
			buildActionMask = 2147483647;
			files = (
			);
			runOnlyForDeploymentPostprocessing = 0;
		};
		42D429251A765D8500CDE951 /* Frameworks */ = {
			isa = PBXFrameworksBuildPhase;
			buildActionMask = 2147483647;
			files = (
			);
			runOnlyForDeploymentPostprocessing = 0;
		};
/* End PBXFrameworksBuildPhase section */

/* Begin PBXGroup section */
		42D429071A765D8500CDE951 = {
			isa = PBXGroup;
			children = (
				42D429121A765D8500CDE951 /* PhotoUpload */,
				42D4292B1A765D8500CDE951 /* PhotoUploadTests */,
				42D429111A765D8500CDE951 /* Products */,
			);
			sourceTree = "<group>";
		};
		42D429111A765D8500CDE951 /* Products */ = {
			isa = PBXGroup;
			children = (
				42D429101A765D8500CDE951 /* PhotoUpload.app */,
				42D429281A765D8500CDE951 /* PhotoUploadTests.xctest */,
			);
			name = Products;
			sourceTree = "<group>";
		};
		42D429121A765D8500CDE951 /* PhotoUpload */ = {
			isa = PBXGroup;
			children = (
				42D429151A765D8500CDE951 /* AppDelegate.swift */,
				42D4291A1A765D8500CDE951 /* ViewController.swift */,
				42D4291C1A765D8500CDE951 /* Main.storyboard */,
				42D4291F1A765D8500CDE951 /* Images.xcassets */,
				42D429211A765D8500CDE951 /* LaunchScreen.xib */,
				42D429171A765D8500CDE951 /* PhotoUpload.xcdatamodeld */,
				42D429131A765D8500CDE951 /* Supporting Files */,
			);
			path = PhotoUpload;
			sourceTree = "<group>";
		};
		42D429131A765D8500CDE951 /* Supporting Files */ = {
			isa = PBXGroup;
			children = (
				42D429141A765D8500CDE951 /* Info.plist */,
			);
			name = "Supporting Files";
			sourceTree = "<group>";
		};
		42D4292B1A765D8500CDE951 /* PhotoUploadTests */ = {
			isa = PBXGroup;
			children = (
				42D4292E1A765D8500CDE951 /* PhotoUploadTests.swift */,
				42D4292C1A765D8500CDE951 /* Supporting Files */,
			);
			path = PhotoUploadTests;
			sourceTree = "<group>";
		};
		42D4292C1A765D8500CDE951 /* Supporting Files */ = {
			isa = PBXGroup;
			children = (
				42D4292D1A765D8500CDE951 /* Info.plist */,
			);
			name = "Supporting Files";
			sourceTree = "<group>";
		};
/* End PBXGroup section */

/* Begin PBXNativeTarget section */
		42D4290F1A765D8500CDE951 /* PhotoUpload */ = {
			isa = PBXNativeTarget;
			buildConfigurationList = 42D429321A765D8500CDE951 /* Build configuration list for PBXNativeTarget "PhotoUpload" */;
			buildPhases = (
				42D4290C1A765D8500CDE951 /* Sources */,
				42D4290D1A765D8500CDE951 /* Frameworks */,
				42D4290E1A765D8500CDE951 /* Resources */,
			);
			buildRules = (
			);
			dependencies = (
			);
			name = PhotoUpload;
			productName = PhotoUpload;
			productReference = 42D429101A765D8500CDE951 /* PhotoUpload.app */;
			productType = "com.apple.product-type.application";
		};
		42D429271A765D8500CDE951 /* PhotoUploadTests */ = {
			isa = PBXNativeTarget;
			buildConfigurationList = 42D429351A765D8500CDE951 /* Build configuration list for PBXNativeTarget "PhotoUploadTests" */;
			buildPhases = (
				42D429241A765D8500CDE951 /* Sources */,
				42D429251A765D8500CDE951 /* Frameworks */,
				42D429261A765D8500CDE951 /* Resources */,
			);
			buildRules = (
			);
			dependencies = (
				42D4292A1A765D8500CDE951 /* PBXTargetDependency */,
			);
			name = PhotoUploadTests;
			productName = PhotoUploadTests;
			productReference = 42D429281A765D8500CDE951 /* PhotoUploadTests.xctest */;
			productType = "com.apple.product-type.bundle.unit-test";
		};
/* End PBXNativeTarget section */

/* Begin PBXProject section */
		42D429081A765D8500CDE951 /* Project object */ = {
			isa = PBXProject;
			attributes = {
				LastUpgradeCheck = 0600;
				ORGANIZATIONNAME = PanaCloud;
				TargetAttributes = {
					42D4290F1A765D8500CDE951 = {
						CreatedOnToolsVersion = 6.0.1;
					};
					42D429271A765D8500CDE951 = {
						CreatedOnToolsVersion = 6.0.1;
						TestTargetID = 42D4290F1A765D8500CDE951;
					};
				};
			};
			buildConfigurationList = 42D4290B1A765D8500CDE951 /* Build configuration list for PBXProject "PhotoUpload" */;
			compatibilityVersion = "Xcode 3.2";
			developmentRegion = English;
			hasScannedForEncodings = 0;
			knownRegions = (
				en,
				Base,
			);
			mainGroup = 42D429071A765D8500CDE951;
			productRefGroup = 42D429111A765D8500CDE951 /* Products */;
			projectDirPath = "";
			projectRoot = "";
			targets = (
				42D4290F1A765D8500CDE951 /* PhotoUpload */,
				42D429271A765D8500CDE951 /* PhotoUploadTests */,
			);
		};
/* End PBXProject section */

/* Begin PBXResourcesBuildPhase section */
		42D4290E1A765D8500CDE951 /* Resources */ = {
			isa = PBXResourcesBuildPhase;
			buildActionMask = 2147483647;
			files = (
				42D4291E1A765D8500CDE951 /* Main.storyboard in Resources */,
				42D429231A765D8500CDE951 /* LaunchScreen.xib in Resources */,
				42D429201A765D8500CDE951 /* Images.xcassets in Resources */,
			);
			runOnlyForDeploymentPostprocessing = 0;
		};
		42D429261A765D8500CDE951 /* Resources */ = {
			isa = PBXResourcesBuildPhase;
			buildActionMask = 2147483647;
			files = (
			);
			runOnlyForDeploymentPostprocessing = 0;
		};
/* End PBXResourcesBuildPhase section */

/* Begin PBXSourcesBuildPhase section */
		42D4290C1A765D8500CDE951 /* Sources */ = {
			isa = PBXSourcesBuildPhase;
			buildActionMask = 2147483647;
			files = (
				42D4291B1A765D8500CDE951 /* ViewController.swift in Sources */,
				42D429161A765D8500CDE951 /* AppDelegate.swift in Sources */,
				42D429191A765D8500CDE951 /* PhotoUpload.xcdatamodeld in Sources */,
			);
			runOnlyForDeploymentPostprocessing = 0;
		};
		42D429241A765D8500CDE951 /* Sources */ = {
			isa = PBXSourcesBuildPhase;
			buildActionMask = 2147483647;
			files = (
				42D4292F1A765D8500CDE951 /* PhotoUploadTests.swift in Sources */,
			);
			runOnlyForDeploymentPostprocessing = 0;
		};
/* End PBXSourcesBuildPhase section */

/* Begin PBXTargetDependency section */
		42D4292A1A765D8500CDE951 /* PBXTargetDependency */ = {
			isa = PBXTargetDependency;
			target = 42D4290F1A765D8500CDE951 /* PhotoUpload */;
			targetProxy = 42D429291A765D8500CDE951 /* PBXContainerItemProxy */;
		};
/* End PBXTargetDependency section */

/* Begin PBXVariantGroup section */
		42D4291C1A765D8500CDE951 /* Main.storyboard */ = {
			isa = PBXVariantGroup;
			children = (
				42D4291D1A765D8500CDE951 /* Base */,
			);
			name = Main.storyboard;
			sourceTree = "<group>";
		};
		42D429211A765D8500CDE951 /* LaunchScreen.xib */ = {
			isa = PBXVariantGroup;
			children = (
				42D429221A765D8500CDE951 /* Base */,
			);
			name = LaunchScreen.xib;
			sourceTree = "<group>";
		};
/* End PBXVariantGroup section */

/* Begin XCBuildConfiguration section */
		42D429301A765D8500CDE951 /* Debug */ = {
			isa = XCBuildConfiguration;
			buildSettings = {
				ALWAYS_SEARCH_USER_PATHS = NO;
				CLANG_CXX_LANGUAGE_STANDARD = "gnu++0x";
				CLANG_CXX_LIBRARY = "libc++";
				CLANG_ENABLE_MODULES = YES;
				CLANG_ENABLE_OBJC_ARC = YES;
				CLANG_WARN_BOOL_CONVERSION = YES;
				CLANG_WARN_CONSTANT_CONVERSION = YES;
				CLANG_WARN_DIRECT_OBJC_ISA_USAGE = YES_ERROR;
				CLANG_WARN_EMPTY_BODY = YES;
				CLANG_WARN_ENUM_CONVERSION = YES;
				CLANG_WARN_INT_CONVERSION = YES;
				CLANG_WARN_OBJC_ROOT_CLASS = YES_ERROR;
				CLANG_WARN_UNREACHABLE_CODE = YES;
				CLANG_WARN__DUPLICATE_METHOD_MATCH = YES;
				"CODE_SIGN_IDENTITY[sdk=iphoneos*]" = "iPhone Developer";
				COPY_PHASE_STRIP = NO;
				ENABLE_STRICT_OBJC_MSGSEND = YES;
				GCC_C_LANGUAGE_STANDARD = gnu99;
				GCC_DYNAMIC_NO_PIC = NO;
				GCC_OPTIMIZATION_LEVEL = 0;
				GCC_PREPROCESSOR_DEFINITIONS = (
					"DEBUG=1",
					"$(inherited)",
				);
				GCC_SYMBOLS_PRIVATE_EXTERN = NO;
				GCC_WARN_64_TO_32_BIT_CONVERSION = YES;
				GCC_WARN_ABOUT_RETURN_TYPE = YES_ERROR;
				GCC_WARN_UNDECLARED_SELECTOR = YES;
				GCC_WARN_UNINITIALIZED_AUTOS = YES_AGGRESSIVE;
				GCC_WARN_UNUSED_FUNCTION = YES;
				GCC_WARN_UNUSED_VARIABLE = YES;
				IPHONEOS_DEPLOYMENT_TARGET = 8.0;
				MTL_ENABLE_DEBUG_INFO = YES;
				ONLY_ACTIVE_ARCH = YES;
				SDKROOT = iphoneos;
				SWIFT_OPTIMIZATION_LEVEL = "-Onone";
			};
			name = Debug;
		};
		42D429311A765D8500CDE951 /* Release */ = {
			isa = XCBuildConfiguration;
			buildSettings = {
				ALWAYS_SEARCH_USER_PATHS = NO;
				CLANG_CXX_LANGUAGE_STANDARD = "gnu++0x";
				CLANG_CXX_LIBRARY = "libc++";
				CLANG_ENABLE_MODULES = YES;
				CLANG_ENABLE_OBJC_ARC = YES;
				CLANG_WARN_BOOL_CONVERSION = YES;
				CLANG_WARN_CONSTANT_CONVERSION = YES;
				CLANG_WARN_DIRECT_OBJC_ISA_USAGE = YES_ERROR;
				CLANG_WARN_EMPTY_BODY = YES;
				CLANG_WARN_ENUM_CONVERSION = YES;
				CLANG_WARN_INT_CONVERSION = YES;
				CLANG_WARN_OBJC_ROOT_CLASS = YES_ERROR;
				CLANG_WARN_UNREACHABLE_CODE = YES;
				CLANG_WARN__DUPLICATE_METHOD_MATCH = YES;
				"CODE_SIGN_IDENTITY[sdk=iphoneos*]" = "iPhone Developer";
				COPY_PHASE_STRIP = YES;
				ENABLE_NS_ASSERTIONS = NO;
				ENABLE_STRICT_OBJC_MSGSEND = YES;
				GCC_C_LANGUAGE_STANDARD = gnu99;
				GCC_WARN_64_TO_32_BIT_CONVERSION = YES;
				GCC_WARN_ABOUT_RETURN_TYPE = YES_ERROR;
				GCC_WARN_UNDECLARED_SELECTOR = YES;
				GCC_WARN_UNINITIALIZED_AUTOS = YES_AGGRESSIVE;
				GCC_WARN_UNUSED_FUNCTION = YES;
				GCC_WARN_UNUSED_VARIABLE = YES;
				IPHONEOS_DEPLOYMENT_TARGET = 8.0;
				MTL_ENABLE_DEBUG_INFO = NO;
				SDKROOT = iphoneos;
				VALIDATE_PRODUCT = YES;
			};
			name = Release;
		};
		42D429331A765D8500CDE951 /* Debug */ = {
			isa = XCBuildConfiguration;
			buildSettings = {
				ASSETCATALOG_COMPILER_APPICON_NAME = AppIcon;
				INFOPLIST_FILE = PhotoUpload/Info.plist;
				LD_RUNPATH_SEARCH_PATHS = "$(inherited) @executable_path/Frameworks";
				PRODUCT_NAME = "$(TARGET_NAME)";
			};
			name = Debug;
		};
		42D429341A765D8500CDE951 /* Release */ = {
			isa = XCBuildConfiguration;
			buildSettings = {
				ASSETCATALOG_COMPILER_APPICON_NAME = AppIcon;
				INFOPLIST_FILE = PhotoUpload/Info.plist;
				LD_RUNPATH_SEARCH_PATHS = "$(inherited) @executable_path/Frameworks";
				PRODUCT_NAME = "$(TARGET_NAME)";
			};
			name = Release;
		};
		42D429361A765D8500CDE951 /* Debug */ = {
			isa = XCBuildConfiguration;
			buildSettings = {
				BUNDLE_LOADER = "$(TEST_HOST)";
				FRAMEWORK_SEARCH_PATHS = (
					"$(SDKROOT)/Developer/Library/Frameworks",
					"$(inherited)",
				);
				GCC_PREPROCESSOR_DEFINITIONS = (
					"DEBUG=1",
					"$(inherited)",
				);
				INFOPLIST_FILE = PhotoUploadTests/Info.plist;
				LD_RUNPATH_SEARCH_PATHS = "$(inherited) @executable_path/Frameworks @loader_path/Frameworks";
				PRODUCT_NAME = "$(TARGET_NAME)";
				TEST_HOST = "$(BUILT_PRODUCTS_DIR)/PhotoUpload.app/PhotoUpload";
			};
			name = Debug;
		};
		42D429371A765D8500CDE951 /* Release */ = {
			isa = XCBuildConfiguration;
			buildSettings = {
				BUNDLE_LOADER = "$(TEST_HOST)";
				FRAMEWORK_SEARCH_PATHS = (
					"$(SDKROOT)/Developer/Library/Frameworks",
					"$(inherited)",
				);
				INFOPLIST_FILE = PhotoUploadTests/Info.plist;
				LD_RUNPATH_SEARCH_PATHS = "$(inherited) @executable_path/Frameworks @loader_path/Frameworks";
				PRODUCT_NAME = "$(TARGET_NAME)";
				TEST_HOST = "$(BUILT_PRODUCTS_DIR)/PhotoUpload.app/PhotoUpload";
			};
			name = Release;
		};
/* End XCBuildConfiguration section */

/* Begin XCConfigurationList section */
		42D4290B1A765D8500CDE951 /* Build configuration list for PBXProject "PhotoUpload" */ = {
			isa = XCConfigurationList;
			buildConfigurations = (
				42D429301A765D8500CDE951 /* Debug */,
				42D429311A765D8500CDE951 /* Release */,
			);
			defaultConfigurationIsVisible = 0;
			defaultConfigurationName = Release;
		};
		42D429321A765D8500CDE951 /* Build configuration list for PBXNativeTarget "PhotoUpload" */ = {
			isa = XCConfigurationList;
			buildConfigurations = (
				42D429331A765D8500CDE951 /* Debug */,
				42D429341A765D8500CDE951 /* Release */,
			);
			defaultConfigurationIsVisible = 0;
		};
		42D429351A765D8500CDE951 /* Build configuration list for PBXNativeTarget "PhotoUploadTests" */ = {
			isa = XCConfigurationList;
			buildConfigurations = (
				42D429361A765D8500CDE951 /* Debug */,
				42D429371A765D8500CDE951 /* Release */,
			);
			defaultConfigurationIsVisible = 0;
		};
/* End XCConfigurationList section */

/* Begin XCVersionGroup section */
		42D429171A765D8500CDE951 /* PhotoUpload.xcdatamodeld */ = {
			isa = XCVersionGroup;
			children = (
				42D429181A765D8500CDE951 /* PhotoUpload.xcdatamodel */,
			);
			currentVersion = 42D429181A765D8500CDE951 /* PhotoUpload.xcdatamodel */;
			path = PhotoUpload.xcdatamodeld;
			sourceTree = "<group>";
			versionGroupType = wrapper.xcdatamodel;
		};
/* End XCVersionGroup section */
	};
	rootObject = 42D429081A765D8500CDE951 /* Project object */;
}
